
Microsoft Visual Studio Solution File, Format Version 12.00
# Visual Studio Version 16
VisualStudioVersion = 16.0.30711.63
MinimumVisualStudioVersion = 10.0.40219.1
Project("{2150E333-8FDC-42A3-9474-1A3956D46DE8}") = "Interfaces", "Interfaces", "{61629A9E-7DDF-46C5-B133-F7BF53668CCB}"
EndProject
Project("{9A19103F-16F7-4668-BE54-9A1E7A4F7556}") = "Interfaces.ConsoleUI", "Interface.ConsoleUI\Interfaces.ConsoleUI.csproj", "{DED101FA-6A79-461C-9EA4-74C0879FF4B6}"
EndProject
Project("{9A19103F-16F7-4668-BE54-9A1E7A4F7556}") = "Interfaces.Library", "Interface.Library\Interfaces.Library.csproj", "{0415AFBA-820F-4223-BCFC-FC4AA83E89D5}"
EndProject
Project("{2150E333-8FDC-42A3-9474-1A3956D46DE8}") = "AbstractClasses", "AbstractClasses", "{31C11A1B-7B86-47C4-94D1-3492A23210EA}"
EndProject
Project("{FAE04EC0-301F-11D3-BF4B-00C04F79EFBC}") = "AbstractClasses.ConsoleUI", "AbstractClasses.ConsoleUI\AbstractClasses.ConsoleUI.csproj", "{977B234D-C359-441E-91A5-091195E76791}"
EndProject
Project("{FAE04EC0-301F-11D3-BF4B-00C04F79EFBC}") = "AbstractClasses.Library", "AbstractClasses.Library\AbstractClasses.Library.csproj", "{CA77008C-B4EC-4786-9BAD-B2CF1A5FF3C0}"
EndProject
Project("{2150E333-8FDC-42A3-9474-1A3956D46DE8}") = "Generics", "Generics", "{24E1CCEF-AB11-49CA-8AFE-064B76051D17}"
EndProject
Project("{FAE04EC0-301F-11D3-BF4B-00C04F79EFBC}") = "Generics.ConsoleUI", "Generics.ConsoleUI\Generics.ConsoleUI.csproj", "{3D0F29C8-20E9-4F87-AAF2-35EECD71D88F}"
EndProject
Global
	GlobalSection(SolutionConfigurationPlatforms) = preSolution
		Debug|Any CPU = Debug|Any CPU
		Release|Any CPU = Release|Any CPU
	EndGlobalSection
	GlobalSection(ProjectConfigurationPlatforms) = postSolution
		{DED101FA-6A79-461C-9EA4-74C0879FF4B6}.Debug|Any CPU.ActiveCfg = Debug|Any CPU
		{DED101FA-6A79-461C-9EA4-74C0879FF4B6}.Debug|Any CPU.Build.0 = Debug|Any CPU
		{DED101FA-6A79-461C-9EA4-74C0879FF4B6}.Release|Any CPU.ActiveCfg = Release|Any CPU
		{DED101FA-6A79-461C-9EA4-74C0879FF4B6}.Release|Any CPU.Build.0 = Release|Any CPU
		{0415AFBA-820F-4223-BCFC-FC4AA83E89D5}.Debug|Any CPU.ActiveCfg = Debug|Any CPU
		{0415AFBA-820F-4223-BCFC-FC4AA83E89D5}.Debug|Any CPU.Build.0 = Debug|Any CPU
		{0415AFBA-820F-4223-BCFC-FC4AA83E89D5}.Release|Any CPU.ActiveCfg = Release|Any CPU
		{0415AFBA-820F-4223-BCFC-FC4AA83E89D5}.Release|Any CPU.Build.0 = Release|Any CPU
		{977B234D-C359-441E-91A5-091195E76791}.Debug|Any CPU.ActiveCfg = Debug|Any CPU
		{977B234D-C359-441E-91A5-091195E76791}.Debug|Any CPU.Build.0 = Debug|Any CPU
		{977B234D-C359-441E-91A5-091195E76791}.Release|Any CPU.ActiveCfg = Release|Any CPU
		{977B234D-C359-441E-91A5-091195E76791}.Release|Any CPU.Build.0 = Release|Any CPU
		{CA77008C-B4EC-4786-9BAD-B2CF1A5FF3C0}.Debug|Any CPU.ActiveCfg = Debug|Any CPU
		{CA77008C-B4EC-4786-9BAD-B2CF1A5FF3C0}.Debug|Any CPU.Build.0 = Debug|Any CPU
		{CA77008C-B4EC-4786-9BAD-B2CF1A5FF3C0}.Release|Any CPU.ActiveCfg = Release|Any CPU
		{CA77008C-B4EC-4786-9BAD-B2CF1A5FF3C0}.Release|Any CPU.Build.0 = Release|Any CPU
		{3D0F29C8-20E9-4F87-AAF2-35EECD71D88F}.Debug|Any CPU.ActiveCfg = Debug|Any CPU
		{3D0F29C8-20E9-4F87-AAF2-35EECD71D88F}.Debug|Any CPU.Build.0 = Debug|Any CPU
		{3D0F29C8-20E9-4F87-AAF2-35EECD71D88F}.Release|Any CPU.ActiveCfg = Release|Any CPU
		{3D0F29C8-20E9-4F87-AAF2-35EECD71D88F}.Release|Any CPU.Build.0 = Release|Any CPU
	EndGlobalSection
	GlobalSection(SolutionProperties) = preSolution
		HideSolutionNode = FALSE
	EndGlobalSection
	GlobalSection(NestedProjects) = preSolution
		{DED101FA-6A79-461C-9EA4-74C0879FF4B6} = {61629A9E-7DDF-46C5-B133-F7BF53668CCB}
		{0415AFBA-820F-4223-BCFC-FC4AA83E89D5} = {61629A9E-7DDF-46C5-B133-F7BF53668CCB}
		{977B234D-C359-441E-91A5-091195E76791} = {31C11A1B-7B86-47C4-94D1-3492A23210EA}
		{CA77008C-B4EC-4786-9BAD-B2CF1A5FF3C0} = {31C11A1B-7B86-47C4-94D1-3492A23210EA}
		{3D0F29C8-20E9-4F87-AAF2-35EECD71D88F} = {24E1CCEF-AB11-49CA-8AFE-064B76051D17}
	EndGlobalSection
	GlobalSection(ExtensibilityGlobals) = postSolution
		SolutionGuid = {AAABC362-A549-4844-8055-18C62804397F}
	EndGlobalSection
EndGlobal
